
Microsoft Visual Studio Solution File, Format Version 12.00
# Visual Studio 15
VisualStudioVersion = 15.0.28010.2003
MinimumVisualStudioVersion = 10.0.40219.1
Project("{2150E333-8FDC-42A3-9474-1A3956D46DE8}") = "Solution Items", "Solution Items", "{B6F41416-1F21-4A6C-9C2F-797706A79B93}"
	ProjectSection(SolutionItems) = preProject
		Solution Items\CareSource.Logging.dll = Solution Items\CareSource.Logging.dll
	EndProjectSection
EndProject
Project("{FAE04EC0-301F-11D3-BF4B-00C04F79EFBC}") = "SeqAndSerilogPoC", "SeqAndSerilogPoC\SeqAndSerilogPoC.csproj", "{1A04EDB0-E312-4CEC-B23B-4E08D3E19FC5}"
EndProject
Project("{FAE04EC0-301F-11D3-BF4B-00C04F79EFBC}") = "LogCreate", "LogCreate\LogCreate.csproj", "{94F72EC0-EE5F-46B4-8B71-362C9712DEB0}"
EndProject
Global
	GlobalSection(SolutionConfigurationPlatforms) = preSolution
		Debug|Any CPU = Debug|Any CPU
		Release|Any CPU = Release|Any CPU
	EndGlobalSection
	GlobalSection(ProjectConfigurationPlatforms) = postSolution
		{1A04EDB0-E312-4CEC-B23B-4E08D3E19FC5}.Debug|Any CPU.ActiveCfg = Debug|Any CPU
		{1A04EDB0-E312-4CEC-B23B-4E08D3E19FC5}.Debug|Any CPU.Build.0 = Debug|Any CPU
		{1A04EDB0-E312-4CEC-B23B-4E08D3E19FC5}.Release|Any CPU.ActiveCfg = Release|Any CPU
		{1A04EDB0-E312-4CEC-B23B-4E08D3E19FC5}.Release|Any CPU.Build.0 = Release|Any CPU
		{94F72EC0-EE5F-46B4-8B71-362C9712DEB0}.Debug|Any CPU.ActiveCfg = Debug|Any CPU
		{94F72EC0-EE5F-46B4-8B71-362C9712DEB0}.Debug|Any CPU.Build.0 = Debug|Any CPU
		{94F72EC0-EE5F-46B4-8B71-362C9712DEB0}.Release|Any CPU.ActiveCfg = Release|Any CPU
		{94F72EC0-EE5F-46B4-8B71-362C9712DEB0}.Release|Any CPU.Build.0 = Release|Any CPU
	EndGlobalSection
	GlobalSection(SolutionProperties) = preSolution
		HideSolutionNode = FALSE
	EndGlobalSection
	GlobalSection(ExtensibilityGlobals) = postSolution
		SolutionGuid = {4181708F-3B7F-4E4B-A4FD-56E3788EDBFE}
	EndGlobalSection
EndGlobal
